
Microsoft Visual Studio Solution File, Format Version 12.00
# Visual Studio 14
VisualStudioVersion = 14.0.24720.0
MinimumVisualStudioVersion = 10.0.40219.1
Project("{FAE04EC0-301F-11D3-BF4B-00C04F79EFBC}") = "ady1", "ady1\ady1.csproj", "{244E7130-2E56-40B6-9048-308A0E527CF5}"
EndProject
Project("{FAE04EC0-301F-11D3-BF4B-00C04F79EFBC}") = "02Recept", "02Recept\02Recept.csproj", "{E4ED8AA5-DBBD-4FC8-857B-D485C50F62C5}"
EndProject
Project("{FAE04EC0-301F-11D3-BF4B-00C04F79EFBC}") = "kiírás kezdő színes", "kiírás kezdő színes\kiírás kezdő színes.csproj", "{95D8B012-C0CA-49EE-AE9E-05924A367BC0}"
EndProject
Global
	GlobalSection(SolutionConfigurationPlatforms) = preSolution
		Debug|Any CPU = Debug|Any CPU
		Release|Any CPU = Release|Any CPU
	EndGlobalSection
	GlobalSection(ProjectConfigurationPlatforms) = postSolution
		{244E7130-2E56-40B6-9048-308A0E527CF5}.Debug|Any CPU.ActiveCfg = Debug|Any CPU
		{244E7130-2E56-40B6-9048-308A0E527CF5}.Debug|Any CPU.Build.0 = Debug|Any CPU
		{244E7130-2E56-40B6-9048-308A0E527CF5}.Release|Any CPU.ActiveCfg = Release|Any CPU
		{244E7130-2E56-40B6-9048-308A0E527CF5}.Release|Any CPU.Build.0 = Release|Any CPU
		{E4ED8AA5-DBBD-4FC8-857B-D485C50F62C5}.Debug|Any CPU.ActiveCfg = Debug|Any CPU
		{E4ED8AA5-DBBD-4FC8-857B-D485C50F62C5}.Debug|Any CPU.Build.0 = Debug|Any CPU
		{E4ED8AA5-DBBD-4FC8-857B-D485C50F62C5}.Release|Any CPU.ActiveCfg = Release|Any CPU
		{E4ED8AA5-DBBD-4FC8-857B-D485C50F62C5}.Release|Any CPU.Build.0 = Release|Any CPU
		{95D8B012-C0CA-49EE-AE9E-05924A367BC0}.Debug|Any CPU.ActiveCfg = Debug|Any CPU
		{95D8B012-C0CA-49EE-AE9E-05924A367BC0}.Debug|Any CPU.Build.0 = Debug|Any CPU
		{95D8B012-C0CA-49EE-AE9E-05924A367BC0}.Release|Any CPU.ActiveCfg = Release|Any CPU
		{95D8B012-C0CA-49EE-AE9E-05924A367BC0}.Release|Any CPU.Build.0 = Release|Any CPU
	EndGlobalSection
	GlobalSection(SolutionProperties) = preSolution
		HideSolutionNode = FALSE
	EndGlobalSection
EndGlobal
